// !$*UTF8*$!
{
	archiveVersion = 1;
	classes = {
	};
	objectVersion = 55;
	objects = {

/* Begin PBXBuildFile section */
		5631050F77D5C2E8290597E4 /* Pods_ParstagramTests.framework in Frameworks */ = {isa = PBXBuildFile; fileRef = CD883450AF1CADD629D84736 /* Pods_ParstagramTests.framework */; };
		6E1D3F4DCCF8EF26B16FEBEF /* Pods_Parstagram.framework in Frameworks */ = {isa = PBXBuildFile; fileRef = AC63252708279767F8C85FCA /* Pods_Parstagram.framework */; };
		7D1BEB2D2903C1C300FD41F6 /* CommentTableViewCell.swift in Sources */ = {isa = PBXBuildFile; fileRef = 7D1BEB2C2903C1C300FD41F6 /* CommentTableViewCell.swift */; };
		7D812B7A28FA4EBC001804C3 /* AppDelegate.swift in Sources */ = {isa = PBXBuildFile; fileRef = 7D812B7928FA4EBC001804C3 /* AppDelegate.swift */; };
		7D812B7C28FA4EBC001804C3 /* SceneDelegate.swift in Sources */ = {isa = PBXBuildFile; fileRef = 7D812B7B28FA4EBC001804C3 /* SceneDelegate.swift */; };
		7D812B8128FA4EBC001804C3 /* Main.storyboard in Resources */ = {isa = PBXBuildFile; fileRef = 7D812B7F28FA4EBC001804C3 /* Main.storyboard */; };
		7D812B8328FA4EBD001804C3 /* Assets.xcassets in Resources */ = {isa = PBXBuildFile; fileRef = 7D812B8228FA4EBD001804C3 /* Assets.xcassets */; };
		7D812B8628FA4EBD001804C3 /* LaunchScreen.storyboard in Resources */ = {isa = PBXBuildFile; fileRef = 7D812B8428FA4EBD001804C3 /* LaunchScreen.storyboard */; };
		7D812B9128FA4EBD001804C3 /* ParstagramTests.swift in Sources */ = {isa = PBXBuildFile; fileRef = 7D812B9028FA4EBD001804C3 /* ParstagramTests.swift */; };
		7D812B9B28FA4EBD001804C3 /* ParstagramUITests.swift in Sources */ = {isa = PBXBuildFile; fileRef = 7D812B9A28FA4EBD001804C3 /* ParstagramUITests.swift */; };
		7D812B9D28FA4EBD001804C3 /* ParstagramUITestsLaunchTests.swift in Sources */ = {isa = PBXBuildFile; fileRef = 7D812B9C28FA4EBD001804C3 /* ParstagramUITestsLaunchTests.swift */; };
		7D812BAA28FA5337001804C3 /* LoginViewController.swift in Sources */ = {isa = PBXBuildFile; fileRef = 7D812BA928FA5337001804C3 /* LoginViewController.swift */; };
		7D812BAC28FA5342001804C3 /* FeedViewController.swift in Sources */ = {isa = PBXBuildFile; fileRef = 7D812BAB28FA5342001804C3 /* FeedViewController.swift */; };
		7D812BAE28FA692D001804C3 /* CameraViewController.swift in Sources */ = {isa = PBXBuildFile; fileRef = 7D812BAD28FA692D001804C3 /* CameraViewController.swift */; };
		7D812BB028FA7726001804C3 /* PostTableViewCell.swift in Sources */ = {isa = PBXBuildFile; fileRef = 7D812BAF28FA7726001804C3 /* PostTableViewCell.swift */; };
		DA20325304F94023BA4F4F55 /* Pods_Parstagram_ParstagramUITests.framework in Frameworks */ = {isa = PBXBuildFile; fileRef = 8472CE5E1D359E09CE8E2805 /* Pods_Parstagram_ParstagramUITests.framework */; };
/* End PBXBuildFile section */

/* Begin PBXContainerItemProxy section */
		7D812B8D28FA4EBD001804C3 /* PBXContainerItemProxy */ = {
			isa = PBXContainerItemProxy;
			containerPortal = 7D812B6E28FA4EBC001804C3 /* Project object */;
			proxyType = 1;
			remoteGlobalIDString = 7D812B7528FA4EBC001804C3;
			remoteInfo = Parstagram;
		};
		7D812B9728FA4EBD001804C3 /* PBXContainerItemProxy */ = {
			isa = PBXContainerItemProxy;
			containerPortal = 7D812B6E28FA4EBC001804C3 /* Project object */;
			proxyType = 1;
			remoteGlobalIDString = 7D812B7528FA4EBC001804C3;
			remoteInfo = Parstagram;
		};
/* End PBXContainerItemProxy section */

/* Begin PBXFileReference section */
		42FD6CB29F8AF6CF8E764AA6 /* Pods-Parstagram-ParstagramUITests.debug.xcconfig */ = {isa = PBXFileReference; includeInIndex = 1; lastKnownFileType = text.xcconfig; name = "Pods-Parstagram-ParstagramUITests.debug.xcconfig"; path = "Target Support Files/Pods-Parstagram-ParstagramUITests/Pods-Parstagram-ParstagramUITests.debug.xcconfig"; sourceTree = "<group>"; };
		532387E65AA9B1889CB006BF /* Pods-ParstagramTests.release.xcconfig */ = {isa = PBXFileReference; includeInIndex = 1; lastKnownFileType = text.xcconfig; name = "Pods-ParstagramTests.release.xcconfig"; path = "Target Support Files/Pods-ParstagramTests/Pods-ParstagramTests.release.xcconfig"; sourceTree = "<group>"; };
		74AFCCA18F1B5C7C477FB67E /* Pods-Parstagram.release.xcconfig */ = {isa = PBXFileReference; includeInIndex = 1; lastKnownFileType = text.xcconfig; name = "Pods-Parstagram.release.xcconfig"; path = "Target Support Files/Pods-Parstagram/Pods-Parstagram.release.xcconfig"; sourceTree = "<group>"; };
		7D1BEB2C2903C1C300FD41F6 /* CommentTableViewCell.swift */ = {isa = PBXFileReference; lastKnownFileType = sourcecode.swift; path = CommentTableViewCell.swift; sourceTree = "<group>"; };
		7D812B7628FA4EBC001804C3 /* Parstagram.app */ = {isa = PBXFileReference; explicitFileType = wrapper.application; includeInIndex = 0; path = Parstagram.app; sourceTree = BUILT_PRODUCTS_DIR; };
		7D812B7928FA4EBC001804C3 /* AppDelegate.swift */ = {isa = PBXFileReference; lastKnownFileType = sourcecode.swift; path = AppDelegate.swift; sourceTree = "<group>"; };
		7D812B7B28FA4EBC001804C3 /* SceneDelegate.swift */ = {isa = PBXFileReference; lastKnownFileType = sourcecode.swift; path = SceneDelegate.swift; sourceTree = "<group>"; };
		7D812B8028FA4EBC001804C3 /* Base */ = {isa = PBXFileReference; lastKnownFileType = file.storyboard; name = Base; path = Base.lproj/Main.storyboard; sourceTree = "<group>"; };
		7D812B8228FA4EBD001804C3 /* Assets.xcassets */ = {isa = PBXFileReference; lastKnownFileType = folder.assetcatalog; path = Assets.xcassets; sourceTree = "<group>"; };
		7D812B8528FA4EBD001804C3 /* Base */ = {isa = PBXFileReference; lastKnownFileType = file.storyboard; name = Base; path = Base.lproj/LaunchScreen.storyboard; sourceTree = "<group>"; };
		7D812B8728FA4EBD001804C3 /* Info.plist */ = {isa = PBXFileReference; lastKnownFileType = text.plist.xml; path = Info.plist; sourceTree = "<group>"; };
		7D812B8C28FA4EBD001804C3 /* ParstagramTests.xctest */ = {isa = PBXFileReference; explicitFileType = wrapper.cfbundle; includeInIndex = 0; path = ParstagramTests.xctest; sourceTree = BUILT_PRODUCTS_DIR; };
		7D812B9028FA4EBD001804C3 /* ParstagramTests.swift */ = {isa = PBXFileReference; lastKnownFileType = sourcecode.swift; path = ParstagramTests.swift; sourceTree = "<group>"; };
		7D812B9628FA4EBD001804C3 /* ParstagramUITests.xctest */ = {isa = PBXFileReference; explicitFileType = wrapper.cfbundle; includeInIndex = 0; path = ParstagramUITests.xctest; sourceTree = BUILT_PRODUCTS_DIR; };
		7D812B9A28FA4EBD001804C3 /* ParstagramUITests.swift */ = {isa = PBXFileReference; lastKnownFileType = sourcecode.swift; path = ParstagramUITests.swift; sourceTree = "<group>"; };
		7D812B9C28FA4EBD001804C3 /* ParstagramUITestsLaunchTests.swift */ = {isa = PBXFileReference; lastKnownFileType = sourcecode.swift; path = ParstagramUITestsLaunchTests.swift; sourceTree = "<group>"; };
		7D812BA928FA5337001804C3 /* LoginViewController.swift */ = {isa = PBXFileReference; lastKnownFileType = sourcecode.swift; path = LoginViewController.swift; sourceTree = "<group>"; };
		7D812BAB28FA5342001804C3 /* FeedViewController.swift */ = {isa = PBXFileReference; lastKnownFileType = sourcecode.swift; path = FeedViewController.swift; sourceTree = "<group>"; };
		7D812BAD28FA692D001804C3 /* CameraViewController.swift */ = {isa = PBXFileReference; lastKnownFileType = sourcecode.swift; path = CameraViewController.swift; sourceTree = "<group>"; };
		7D812BAF28FA7726001804C3 /* PostTableViewCell.swift */ = {isa = PBXFileReference; lastKnownFileType = sourcecode.swift; path = PostTableViewCell.swift; sourceTree = "<group>"; };
		7EE1EFB09B11D4D52CA03A01 /* Pods-Parstagram.debug.xcconfig */ = {isa = PBXFileReference; includeInIndex = 1; lastKnownFileType = text.xcconfig; name = "Pods-Parstagram.debug.xcconfig"; path = "Target Support Files/Pods-Parstagram/Pods-Parstagram.debug.xcconfig"; sourceTree = "<group>"; };
		8472CE5E1D359E09CE8E2805 /* Pods_Parstagram_ParstagramUITests.framework */ = {isa = PBXFileReference; explicitFileType = wrapper.framework; includeInIndex = 0; path = Pods_Parstagram_ParstagramUITests.framework; sourceTree = BUILT_PRODUCTS_DIR; };
		AC63252708279767F8C85FCA /* Pods_Parstagram.framework */ = {isa = PBXFileReference; explicitFileType = wrapper.framework; includeInIndex = 0; path = Pods_Parstagram.framework; sourceTree = BUILT_PRODUCTS_DIR; };
		AF2F06909A1149397A9AC3AF /* Pods-ParstagramTests.debug.xcconfig */ = {isa = PBXFileReference; includeInIndex = 1; lastKnownFileType = text.xcconfig; name = "Pods-ParstagramTests.debug.xcconfig"; path = "Target Support Files/Pods-ParstagramTests/Pods-ParstagramTests.debug.xcconfig"; sourceTree = "<group>"; };
		CD883450AF1CADD629D84736 /* Pods_ParstagramTests.framework */ = {isa = PBXFileReference; explicitFileType = wrapper.framework; includeInIndex = 0; path = Pods_ParstagramTests.framework; sourceTree = BUILT_PRODUCTS_DIR; };
		EB3B033076E1EA14911DF260 /* Pods-Parstagram-ParstagramUITests.release.xcconfig */ = {isa = PBXFileReference; includeInIndex = 1; lastKnownFileType = text.xcconfig; name = "Pods-Parstagram-ParstagramUITests.release.xcconfig"; path = "Target Support Files/Pods-Parstagram-ParstagramUITests/Pods-Parstagram-ParstagramUITests.release.xcconfig"; sourceTree = "<group>"; };
/* End PBXFileReference section */

/* Begin PBXFrameworksBuildPhase section */
		7D812B7328FA4EBC001804C3 /* Frameworks */ = {
			isa = PBXFrameworksBuildPhase;
			buildActionMask = 2147483647;
			files = (
				6E1D3F4DCCF8EF26B16FEBEF /* Pods_Parstagram.framework in Frameworks */,
			);
			runOnlyForDeploymentPostprocessing = 0;
		};
		7D812B8928FA4EBD001804C3 /* Frameworks */ = {
			isa = PBXFrameworksBuildPhase;
			buildActionMask = 2147483647;
			files = (
				5631050F77D5C2E8290597E4 /* Pods_ParstagramTests.framework in Frameworks */,
			);
			runOnlyForDeploymentPostprocessing = 0;
		};
		7D812B9328FA4EBD001804C3 /* Frameworks */ = {
			isa = PBXFrameworksBuildPhase;
			buildActionMask = 2147483647;
			files = (
				DA20325304F94023BA4F4F55 /* Pods_Parstagram_ParstagramUITests.framework in Frameworks */,
			);
			runOnlyForDeploymentPostprocessing = 0;
		};
/* End PBXFrameworksBuildPhase section */

/* Begin PBXGroup section */
		44387174A295F41D25E8580F /* Frameworks */ = {
			isa = PBXGroup;
			children = (
				AC63252708279767F8C85FCA /* Pods_Parstagram.framework */,
				8472CE5E1D359E09CE8E2805 /* Pods_Parstagram_ParstagramUITests.framework */,
				CD883450AF1CADD629D84736 /* Pods_ParstagramTests.framework */,
			);
			name = Frameworks;
			sourceTree = "<group>";
		};
		7D812B6D28FA4EBC001804C3 = {
			isa = PBXGroup;
			children = (
				7D812B7828FA4EBC001804C3 /* Parstagram */,
				7D812B8F28FA4EBD001804C3 /* ParstagramTests */,
				7D812B9928FA4EBD001804C3 /* ParstagramUITests */,
				7D812B7728FA4EBC001804C3 /* Products */,
				BFE02BB6C6593A3A569266CF /* Pods */,
				44387174A295F41D25E8580F /* Frameworks */,
			);
			sourceTree = "<group>";
		};
		7D812B7728FA4EBC001804C3 /* Products */ = {
			isa = PBXGroup;
			children = (
				7D812B7628FA4EBC001804C3 /* Parstagram.app */,
				7D812B8C28FA4EBD001804C3 /* ParstagramTests.xctest */,
				7D812B9628FA4EBD001804C3 /* ParstagramUITests.xctest */,
			);
			name = Products;
			sourceTree = "<group>";
		};
		7D812B7828FA4EBC001804C3 /* Parstagram */ = {
			isa = PBXGroup;
			children = (
				7D812B7928FA4EBC001804C3 /* AppDelegate.swift */,
				7D812B7B28FA4EBC001804C3 /* SceneDelegate.swift */,
				7D812B7F28FA4EBC001804C3 /* Main.storyboard */,
				7D812B8228FA4EBD001804C3 /* Assets.xcassets */,
				7D812B8428FA4EBD001804C3 /* LaunchScreen.storyboard */,
				7D812B8728FA4EBD001804C3 /* Info.plist */,
				7D812BA928FA5337001804C3 /* LoginViewController.swift */,
				7D812BAB28FA5342001804C3 /* FeedViewController.swift */,
				7D812BAD28FA692D001804C3 /* CameraViewController.swift */,
				7D812BAF28FA7726001804C3 /* PostTableViewCell.swift */,
				7D1BEB2C2903C1C300FD41F6 /* CommentTableViewCell.swift */,
			);
			path = Parstagram;
			sourceTree = "<group>";
		};
		7D812B8F28FA4EBD001804C3 /* ParstagramTests */ = {
			isa = PBXGroup;
			children = (
				7D812B9028FA4EBD001804C3 /* ParstagramTests.swift */,
			);
			path = ParstagramTests;
			sourceTree = "<group>";
		};
		7D812B9928FA4EBD001804C3 /* ParstagramUITests */ = {
			isa = PBXGroup;
			children = (
				7D812B9A28FA4EBD001804C3 /* ParstagramUITests.swift */,
				7D812B9C28FA4EBD001804C3 /* ParstagramUITestsLaunchTests.swift */,
			);
			path = ParstagramUITests;
			sourceTree = "<group>";
		};
		BFE02BB6C6593A3A569266CF /* Pods */ = {
			isa = PBXGroup;
			children = (
				7EE1EFB09B11D4D52CA03A01 /* Pods-Parstagram.debug.xcconfig */,
				74AFCCA18F1B5C7C477FB67E /* Pods-Parstagram.release.xcconfig */,
				42FD6CB29F8AF6CF8E764AA6 /* Pods-Parstagram-ParstagramUITests.debug.xcconfig */,
				EB3B033076E1EA14911DF260 /* Pods-Parstagram-ParstagramUITests.release.xcconfig */,
				AF2F06909A1149397A9AC3AF /* Pods-ParstagramTests.debug.xcconfig */,
				532387E65AA9B1889CB006BF /* Pods-ParstagramTests.release.xcconfig */,
			);
			path = Pods;
			sourceTree = "<group>";
		};
/* End PBXGroup section */

/* Begin PBXNativeTarget section */
		7D812B7528FA4EBC001804C3 /* Parstagram */ = {
			isa = PBXNativeTarget;
			buildConfigurationList = 7D812BA028FA4EBD001804C3 /* Build configuration list for PBXNativeTarget "Parstagram" */;
			buildPhases = (
				12007B315ADCBACA97CD451D /* [CP] Check Pods Manifest.lock */,
				7D812B7228FA4EBC001804C3 /* Sources */,
				7D812B7328FA4EBC001804C3 /* Frameworks */,
				7D812B7428FA4EBC001804C3 /* Resources */,
				8BE62BF4E2760D0D2A252FA7 /* [CP] Embed Pods Frameworks */,
			);
			buildRules = (
			);
			dependencies = (
			);
			name = Parstagram;
			productName = Parstagram;
			productReference = 7D812B7628FA4EBC001804C3 /* Parstagram.app */;
			productType = "com.apple.product-type.application";
		};
		7D812B8B28FA4EBD001804C3 /* ParstagramTests */ = {
			isa = PBXNativeTarget;
			buildConfigurationList = 7D812BA328FA4EBD001804C3 /* Build configuration list for PBXNativeTarget "ParstagramTests" */;
			buildPhases = (
				FA906C8099F32C709D59B580 /* [CP] Check Pods Manifest.lock */,
				7D812B8828FA4EBD001804C3 /* Sources */,
				7D812B8928FA4EBD001804C3 /* Frameworks */,
				7D812B8A28FA4EBD001804C3 /* Resources */,
			);
			buildRules = (
			);
			dependencies = (
				7D812B8E28FA4EBD001804C3 /* PBXTargetDependency */,
			);
			name = ParstagramTests;
			productName = ParstagramTests;
			productReference = 7D812B8C28FA4EBD001804C3 /* ParstagramTests.xctest */;
			productType = "com.apple.product-type.bundle.unit-test";
		};
		7D812B9528FA4EBD001804C3 /* ParstagramUITests */ = {
			isa = PBXNativeTarget;
			buildConfigurationList = 7D812BA628FA4EBD001804C3 /* Build configuration list for PBXNativeTarget "ParstagramUITests" */;
			buildPhases = (
				81C4D4642CE2C32DD9D47040 /* [CP] Check Pods Manifest.lock */,
				7D812B9228FA4EBD001804C3 /* Sources */,
				7D812B9328FA4EBD001804C3 /* Frameworks */,
				7D812B9428FA4EBD001804C3 /* Resources */,
				B342DD7FF84078DE60F255A8 /* [CP] Embed Pods Frameworks */,
			);
			buildRules = (
			);
			dependencies = (
				7D812B9828FA4EBD001804C3 /* PBXTargetDependency */,
			);
			name = ParstagramUITests;
			productName = ParstagramUITests;
			productReference = 7D812B9628FA4EBD001804C3 /* ParstagramUITests.xctest */;
			productType = "com.apple.product-type.bundle.ui-testing";
		};
/* End PBXNativeTarget section */

/* Begin PBXProject section */
		7D812B6E28FA4EBC001804C3 /* Project object */ = {
			isa = PBXProject;
			attributes = {
				BuildIndependentTargetsInParallel = 1;
				LastSwiftUpdateCheck = 1340;
				LastUpgradeCheck = 1340;
				TargetAttributes = {
					7D812B7528FA4EBC001804C3 = {
						CreatedOnToolsVersion = 13.4.1;
					};
					7D812B8B28FA4EBD001804C3 = {
						CreatedOnToolsVersion = 13.4.1;
						TestTargetID = 7D812B7528FA4EBC001804C3;
					};
					7D812B9528FA4EBD001804C3 = {
						CreatedOnToolsVersion = 13.4.1;
						TestTargetID = 7D812B7528FA4EBC001804C3;
					};
				};
			};
			buildConfigurationList = 7D812B7128FA4EBC001804C3 /* Build configuration list for PBXProject "Parstagram" */;
			compatibilityVersion = "Xcode 13.0";
			developmentRegion = en;
			hasScannedForEncodings = 0;
			knownRegions = (
				en,
				Base,
			);
			mainGroup = 7D812B6D28FA4EBC001804C3;
			productRefGroup = 7D812B7728FA4EBC001804C3 /* Products */;
			projectDirPath = "";
			projectRoot = "";
			targets = (
				7D812B7528FA4EBC001804C3 /* Parstagram */,
				7D812B8B28FA4EBD001804C3 /* ParstagramTests */,
				7D812B9528FA4EBD001804C3 /* ParstagramUITests */,
			);
		};
/* End PBXProject section */

/* Begin PBXResourcesBuildPhase section */
		7D812B7428FA4EBC001804C3 /* Resources */ = {
			isa = PBXResourcesBuildPhase;
			buildActionMask = 2147483647;
			files = (
				7D812B8628FA4EBD001804C3 /* LaunchScreen.storyboard in Resources */,
				7D812B8328FA4EBD001804C3 /* Assets.xcassets in Resources */,
				7D812B8128FA4EBC001804C3 /* Main.storyboard in Resources */,
			);
			runOnlyForDeploymentPostprocessing = 0;
		};
		7D812B8A28FA4EBD001804C3 /* Resources */ = {
			isa = PBXResourcesBuildPhase;
			buildActionMask = 2147483647;
			files = (
			);
			runOnlyForDeploymentPostprocessing = 0;
		};
		7D812B9428FA4EBD001804C3 /* Resources */ = {
			isa = PBXResourcesBuildPhase;
			buildActionMask = 2147483647;
			files = (
			);
			runOnlyForDeploymentPostprocessing = 0;
		};
/* End PBXResourcesBuildPhase section */

/* Begin PBXShellScriptBuildPhase section */
		12007B315ADCBACA97CD451D /* [CP] Check Pods Manifest.lock */ = {
			isa = PBXShellScriptBuildPhase;
			buildActionMask = 2147483647;
			files = (
			);
			inputFileListPaths = (
			);
			inputPaths = (
				"${PODS_PODFILE_DIR_PATH}/Podfile.lock",
				"${PODS_ROOT}/Manifest.lock",
			);
			name = "[CP] Check Pods Manifest.lock";
			outputFileListPaths = (
			);
			outputPaths = (
				"$(DERIVED_FILE_DIR)/Pods-Parstagram-checkManifestLockResult.txt",
			);
			runOnlyForDeploymentPostprocessing = 0;
			shellPath = /bin/sh;
			shellScript = "diff \"${PODS_PODFILE_DIR_PATH}/Podfile.lock\" \"${PODS_ROOT}/Manifest.lock\" > /dev/null\nif [ $? != 0 ] ; then\n    # print error to STDERR\n    echo \"error: The sandbox is not in sync with the Podfile.lock. Run 'pod install' or update your CocoaPods installation.\" >&2\n    exit 1\nfi\n# This output is used by Xcode 'outputs' to avoid re-running this script phase.\necho \"SUCCESS\" > \"${SCRIPT_OUTPUT_FILE_0}\"\n";
			showEnvVarsInLog = 0;
		};
		81C4D4642CE2C32DD9D47040 /* [CP] Check Pods Manifest.lock */ = {
			isa = PBXShellScriptBuildPhase;
			buildActionMask = 2147483647;
			files = (
			);
			inputFileListPaths = (
			);
			inputPaths = (
				"${PODS_PODFILE_DIR_PATH}/Podfile.lock",
				"${PODS_ROOT}/Manifest.lock",
			);
			name = "[CP] Check Pods Manifest.lock";
			outputFileListPaths = (
			);
			outputPaths = (
				"$(DERIVED_FILE_DIR)/Pods-Parstagram-ParstagramUITests-checkManifestLockResult.txt",
			);
			runOnlyForDeploymentPostprocessing = 0;
			shellPath = /bin/sh;
			shellScript = "diff \"${PODS_PODFILE_DIR_PATH}/Podfile.lock\" \"${PODS_ROOT}/Manifest.lock\" > /dev/null\nif [ $? != 0 ] ; then\n    # print error to STDERR\n    echo \"error: The sandbox is not in sync with the Podfile.lock. Run 'pod install' or update your CocoaPods installation.\" >&2\n    exit 1\nfi\n# This output is used by Xcode 'outputs' to avoid re-running this script phase.\necho \"SUCCESS\" > \"${SCRIPT_OUTPUT_FILE_0}\"\n";
			showEnvVarsInLog = 0;
		};
		8BE62BF4E2760D0D2A252FA7 /* [CP] Embed Pods Frameworks */ = {
			isa = PBXShellScriptBuildPhase;
			buildActionMask = 2147483647;
			files = (
			);
			inputFileListPaths = (
				"${PODS_ROOT}/Target Support Files/Pods-Parstagram/Pods-Parstagram-frameworks-${CONFIGURATION}-input-files.xcfilelist",
			);
			name = "[CP] Embed Pods Frameworks";
			outputFileListPaths = (
				"${PODS_ROOT}/Target Support Files/Pods-Parstagram/Pods-Parstagram-frameworks-${CONFIGURATION}-output-files.xcfilelist",
			);
			runOnlyForDeploymentPostprocessing = 0;
			shellPath = /bin/sh;
			shellScript = "\"${PODS_ROOT}/Target Support Files/Pods-Parstagram/Pods-Parstagram-frameworks.sh\"\n";
			showEnvVarsInLog = 0;
		};
		B342DD7FF84078DE60F255A8 /* [CP] Embed Pods Frameworks */ = {
			isa = PBXShellScriptBuildPhase;
			buildActionMask = 2147483647;
			files = (
			);
			inputFileListPaths = (
				"${PODS_ROOT}/Target Support Files/Pods-Parstagram-ParstagramUITests/Pods-Parstagram-ParstagramUITests-frameworks-${CONFIGURATION}-input-files.xcfilelist",
			);
			name = "[CP] Embed Pods Frameworks";
			outputFileListPaths = (
				"${PODS_ROOT}/Target Support Files/Pods-Parstagram-ParstagramUITests/Pods-Parstagram-ParstagramUITests-frameworks-${CONFIGURATION}-output-files.xcfilelist",
			);
			runOnlyForDeploymentPostprocessing = 0;
			shellPath = /bin/sh;
			shellScript = "\"${PODS_ROOT}/Target Support Files/Pods-Parstagram-ParstagramUITests/Pods-Parstagram-ParstagramUITests-frameworks.sh\"\n";
			showEnvVarsInLog = 0;
		};
		FA906C8099F32C709D59B580 /* [CP] Check Pods Manifest.lock */ = {
			isa = PBXShellScriptBuildPhase;
			buildActionMask = 2147483647;
			files = (
			);
			inputFileListPaths = (
			);
			inputPaths = (
				"${PODS_PODFILE_DIR_PATH}/Podfile.lock",
				"${PODS_ROOT}/Manifest.lock",
			);
			name = "[CP] Check Pods Manifest.lock";
			outputFileListPaths = (
			);
			outputPaths = (
				"$(DERIVED_FILE_DIR)/Pods-ParstagramTests-checkManifestLockResult.txt",
			);
			runOnlyForDeploymentPostprocessing = 0;
			shellPath = /bin/sh;
			shellScript = "diff \"${PODS_PODFILE_DIR_PATH}/Podfile.lock\" \"${PODS_ROOT}/Manifest.lock\" > /dev/null\nif [ $? != 0 ] ; then\n    # print error to STDERR\n    echo \"error: The sandbox is not in sync with the Podfile.lock. Run 'pod install' or update your CocoaPods installation.\" >&2\n    exit 1\nfi\n# This output is used by Xcode 'outputs' to avoid re-running this script phase.\necho \"SUCCESS\" > \"${SCRIPT_OUTPUT_FILE_0}\"\n";
			showEnvVarsInLog = 0;
		};
/* End PBXShellScriptBuildPhase section */

/* Begin PBXSourcesBuildPhase section */
		7D812B7228FA4EBC001804C3 /* Sources */ = {
			isa = PBXSourcesBuildPhase;
			buildActionMask = 2147483647;
			files = (
				7D812BAA28FA5337001804C3 /* LoginViewController.swift in Sources */,
				7D812BAE28FA692D001804C3 /* CameraViewController.swift in Sources */,
				7D812B7A28FA4EBC001804C3 /* AppDelegate.swift in Sources */,
				7D812BAC28FA5342001804C3 /* FeedViewController.swift in Sources */,
				7D1BEB2D2903C1C300FD41F6 /* CommentTableViewCell.swift in Sources */,
				7D812B7C28FA4EBC001804C3 /* SceneDelegate.swift in Sources */,
				7D812BB028FA7726001804C3 /* PostTableViewCell.swift in Sources */,
			);
			runOnlyForDeploymentPostprocessing = 0;
		};
		7D812B8828FA4EBD001804C3 /* Sources */ = {
			isa = PBXSourcesBuildPhase;
			buildActionMask = 2147483647;
			files = (
				7D812B9128FA4EBD001804C3 /* ParstagramTests.swift in Sources */,
			);
			runOnlyForDeploymentPostprocessing = 0;
		};
		7D812B9228FA4EBD001804C3 /* Sources */ = {
			isa = PBXSourcesBuildPhase;
			buildActionMask = 2147483647;
			files = (
				7D812B9D28FA4EBD001804C3 /* ParstagramUITestsLaunchTests.swift in Sources */,
				7D812B9B28FA4EBD001804C3 /* ParstagramUITests.swift in Sources */,
			);
			runOnlyForDeploymentPostprocessing = 0;
		};
/* End PBXSourcesBuildPhase section */

/* Begin PBXTargetDependency section */
		7D812B8E28FA4EBD001804C3 /* PBXTargetDependency */ = {
			isa = PBXTargetDependency;
			target = 7D812B7528FA4EBC001804C3 /* Parstagram */;
			targetProxy = 7D812B8D28FA4EBD001804C3 /* PBXContainerItemProxy */;
		};
		7D812B9828FA4EBD001804C3 /* PBXTargetDependency */ = {
			isa = PBXTargetDependency;
			target = 7D812B7528FA4EBC001804C3 /* Parstagram */;
			targetProxy = 7D812B9728FA4EBD001804C3 /* PBXContainerItemProxy */;
		};
/* End PBXTargetDependency section */

/* Begin PBXVariantGroup section */
		7D812B7F28FA4EBC001804C3 /* Main.storyboard */ = {
			isa = PBXVariantGroup;
			children = (
				7D812B8028FA4EBC001804C3 /* Base */,
			);
			name = Main.storyboard;
			sourceTree = "<group>";
		};
		7D812B8428FA4EBD001804C3 /* LaunchScreen.storyboard */ = {
			isa = PBXVariantGroup;
			children = (
				7D812B8528FA4EBD001804C3 /* Base */,
			);
			name = LaunchScreen.storyboard;
			sourceTree = "<group>";
		};
/* End PBXVariantGroup section */

/* Begin XCBuildConfiguration section */
		7D812B9E28FA4EBD001804C3 /* Debug */ = {
			isa = XCBuildConfiguration;
			buildSettings = {
				ALWAYS_SEARCH_USER_PATHS = NO;
				CLANG_ANALYZER_NONNULL = YES;
				CLANG_ANALYZER_NUMBER_OBJECT_CONVERSION = YES_AGGRESSIVE;
				CLANG_CXX_LANGUAGE_STANDARD = "gnu++17";
				CLANG_ENABLE_MODULES = YES;
				CLANG_ENABLE_OBJC_ARC = YES;
				CLANG_ENABLE_OBJC_WEAK = YES;
				CLANG_WARN_BLOCK_CAPTURE_AUTORELEASING = YES;
				CLANG_WARN_BOOL_CONVERSION = YES;
				CLANG_WARN_COMMA = YES;
				CLANG_WARN_CONSTANT_CONVERSION = YES;
				CLANG_WARN_DEPRECATED_OBJC_IMPLEMENTATIONS = YES;
				CLANG_WARN_DIRECT_OBJC_ISA_USAGE = YES_ERROR;
				CLANG_WARN_DOCUMENTATION_COMMENTS = YES;
				CLANG_WARN_EMPTY_BODY = YES;
				CLANG_WARN_ENUM_CONVERSION = YES;
				CLANG_WARN_INFINITE_RECURSION = YES;
				CLANG_WARN_INT_CONVERSION = YES;
				CLANG_WARN_NON_LITERAL_NULL_CONVERSION = YES;
				CLANG_WARN_OBJC_IMPLICIT_RETAIN_SELF = YES;
				CLANG_WARN_OBJC_LITERAL_CONVERSION = YES;
				CLANG_WARN_OBJC_ROOT_CLASS = YES_ERROR;
				CLANG_WARN_QUOTED_INCLUDE_IN_FRAMEWORK_HEADER = YES;
				CLANG_WARN_RANGE_LOOP_ANALYSIS = YES;
				CLANG_WARN_STRICT_PROTOTYPES = YES;
				CLANG_WARN_SUSPICIOUS_MOVE = YES;
				CLANG_WARN_UNGUARDED_AVAILABILITY = YES_AGGRESSIVE;
				CLANG_WARN_UNREACHABLE_CODE = YES;
				CLANG_WARN__DUPLICATE_METHOD_MATCH = YES;
				COPY_PHASE_STRIP = NO;
				DEBUG_INFORMATION_FORMAT = dwarf;
				ENABLE_STRICT_OBJC_MSGSEND = YES;
				ENABLE_TESTABILITY = YES;
				GCC_C_LANGUAGE_STANDARD = gnu11;
				GCC_DYNAMIC_NO_PIC = NO;
				GCC_NO_COMMON_BLOCKS = YES;
				GCC_OPTIMIZATION_LEVEL = 0;
				GCC_PREPROCESSOR_DEFINITIONS = (
					"DEBUG=1",
					"$(inherited)",
				);
				GCC_WARN_64_TO_32_BIT_CONVERSION = YES;
				GCC_WARN_ABOUT_RETURN_TYPE = YES_ERROR;
				GCC_WARN_UNDECLARED_SELECTOR = YES;
				GCC_WARN_UNINITIALIZED_AUTOS = YES_AGGRESSIVE;
				GCC_WARN_UNUSED_FUNCTION = YES;
				GCC_WARN_UNUSED_VARIABLE = YES;
				IPHONEOS_DEPLOYMENT_TARGET = 15.5;
				MTL_ENABLE_DEBUG_INFO = INCLUDE_SOURCE;
				MTL_FAST_MATH = YES;
				ONLY_ACTIVE_ARCH = YES;
				SDKROOT = iphoneos;
				SWIFT_ACTIVE_COMPILATION_CONDITIONS = DEBUG;
				SWIFT_OPTIMIZATION_LEVEL = "-Onone";
			};
			name = Debug;
		};
		7D812B9F28FA4EBD001804C3 /* Release */ = {
			isa = XCBuildConfiguration;
			buildSettings = {
				ALWAYS_SEARCH_USER_PATHS = NO;
				CLANG_ANALYZER_NONNULL = YES;
				CLANG_ANALYZER_NUMBER_OBJECT_CONVERSION = YES_AGGRESSIVE;
				CLANG_CXX_LANGUAGE_STANDARD = "gnu++17";
				CLANG_ENABLE_MODULES = YES;
				CLANG_ENABLE_OBJC_ARC = YES;
				CLANG_ENABLE_OBJC_WEAK = YES;
				CLANG_WARN_BLOCK_CAPTURE_AUTORELEASING = YES;
				CLANG_WARN_BOOL_CONVERSION = YES;
				CLANG_WARN_COMMA = YES;
				CLANG_WARN_CONSTANT_CONVERSION = YES;
				CLANG_WARN_DEPRECATED_OBJC_IMPLEMENTATIONS = YES;
				CLANG_WARN_DIRECT_OBJC_ISA_USAGE = YES_ERROR;
				CLANG_WARN_DOCUMENTATION_COMMENTS = YES;
				CLANG_WARN_EMPTY_BODY = YES;
				CLANG_WARN_ENUM_CONVERSION = YES;
				CLANG_WARN_INFINITE_RECURSION = YES;
				CLANG_WARN_INT_CONVERSION = YES;
				CLANG_WARN_NON_LITERAL_NULL_CONVERSION = YES;
				CLANG_WARN_OBJC_IMPLICIT_RETAIN_SELF = YES;
				CLANG_WARN_OBJC_LITERAL_CONVERSION = YES;
				CLANG_WARN_OBJC_ROOT_CLASS = YES_ERROR;
				CLANG_WARN_QUOTED_INCLUDE_IN_FRAMEWORK_HEADER = YES;
				CLANG_WARN_RANGE_LOOP_ANALYSIS = YES;
				CLANG_WARN_STRICT_PROTOTYPES = YES;
				CLANG_WARN_SUSPICIOUS_MOVE = YES;
				CLANG_WARN_UNGUARDED_AVAILABILITY = YES_AGGRESSIVE;
				CLANG_WARN_UNREACHABLE_CODE = YES;
				CLANG_WARN__DUPLICATE_METHOD_MATCH = YES;
				COPY_PHASE_STRIP = NO;
				DEBUG_INFORMATION_FORMAT = "dwarf-with-dsym";
				ENABLE_NS_ASSERTIONS = NO;
				ENABLE_STRICT_OBJC_MSGSEND = YES;
				GCC_C_LANGUAGE_STANDARD = gnu11;
				GCC_NO_COMMON_BLOCKS = YES;
				GCC_WARN_64_TO_32_BIT_CONVERSION = YES;
				GCC_WARN_ABOUT_RETURN_TYPE = YES_ERROR;
				GCC_WARN_UNDECLARED_SELECTOR = YES;
				GCC_WARN_UNINITIALIZED_AUTOS = YES_AGGRESSIVE;
				GCC_WARN_UNUSED_FUNCTION = YES;
				GCC_WARN_UNUSED_VARIABLE = YES;
				IPHONEOS_DEPLOYMENT_TARGET = 15.5;
				MTL_ENABLE_DEBUG_INFO = NO;
				MTL_FAST_MATH = YES;
				SDKROOT = iphoneos;
				SWIFT_COMPILATION_MODE = wholemodule;
				SWIFT_OPTIMIZATION_LEVEL = "-O";
				VALIDATE_PRODUCT = YES;
			};
			name = Release;
		};
		7D812BA128FA4EBD001804C3 /* Debug */ = {
			isa = XCBuildConfiguration;
			baseConfigurationReference = 7EE1EFB09B11D4D52CA03A01 /* Pods-Parstagram.debug.xcconfig */;
			buildSettings = {
				ASSETCATALOG_COMPILER_APPICON_NAME = AppIcon;
				ASSETCATALOG_COMPILER_GLOBAL_ACCENT_COLOR_NAME = AccentColor;
				CODE_SIGN_STYLE = Automatic;
				CURRENT_PROJECT_VERSION = 1;
				DEVELOPMENT_TEAM = X75C6NZ52S;
				GENERATE_INFOPLIST_FILE = YES;
				INFOPLIST_FILE = Parstagram/Info.plist;
				INFOPLIST_KEY_UIApplicationSupportsIndirectInputEvents = YES;
				INFOPLIST_KEY_UILaunchStoryboardName = LaunchScreen;
				INFOPLIST_KEY_UIMainStoryboardFile = Main;
				INFOPLIST_KEY_UISupportedInterfaceOrientations_iPad = "UIInterfaceOrientationPortrait UIInterfaceOrientationPortraitUpsideDown UIInterfaceOrientationLandscapeLeft UIInterfaceOrientationLandscapeRight";
				INFOPLIST_KEY_UISupportedInterfaceOrientations_iPhone = "UIInterfaceOrientationPortrait UIInterfaceOrientationLandscapeLeft UIInterfaceOrientationLandscapeRight";
				LD_RUNPATH_SEARCH_PATHS = (
					"$(inherited)",
					"@executable_path/Frameworks",
				);
				MARKETING_VERSION = 1.0;
				PRODUCT_BUNDLE_IDENTIFIER = "com.esong28-outlook.com.Parstagram";
				PRODUCT_NAME = "$(TARGET_NAME)";
				SWIFT_EMIT_LOC_STRINGS = YES;
				SWIFT_VERSION = 5.0;
				TARGETED_DEVICE_FAMILY = "1,2";
			};
			name = Debug;
		};
		7D812BA228FA4EBD001804C3 /* Release */ = {
			isa = XCBuildConfiguration;
			baseConfigurationReference = 74AFCCA18F1B5C7C477FB67E /* Pods-Parstagram.release.xcconfig */;
			buildSettings = {
				ASSETCATALOG_COMPILER_APPICON_NAME = AppIcon;
				ASSETCATALOG_COMPILER_GLOBAL_ACCENT_COLOR_NAME = AccentColor;
				CODE_SIGN_STYLE = Automatic;
				CURRENT_PROJECT_VERSION = 1;
				DEVELOPMENT_TEAM = X75C6NZ52S;
				GENERATE_INFOPLIST_FILE = YES;
				INFOPLIST_FILE = Parstagram/Info.plist;
				INFOPLIST_KEY_UIApplicationSupportsIndirectInputEvents = YES;
				INFOPLIST_KEY_UILaunchStoryboardName = LaunchScreen;
				INFOPLIST_KEY_UIMainStoryboardFile = Main;
				INFOPLIST_KEY_UISupportedInterfaceOrientations_iPad = "UIInterfaceOrientationPortrait UIInterfaceOrientationPortraitUpsideDown UIInterfaceOrientationLandscapeLeft UIInterfaceOrientationLandscapeRight";
				INFOPLIST_KEY_UISupportedInterfaceOrientations_iPhone = "UIInterfaceOrientationPortrait UIInterfaceOrientationLandscapeLeft UIInterfaceOrientationLandscapeRight";
				LD_RUNPATH_SEARCH_PATHS = (
					"$(inherited)",
					"@executable_path/Frameworks",
				);
				MARKETING_VERSION = 1.0;
				PRODUCT_BUNDLE_IDENTIFIER = "com.esong28-outlook.com.Parstagram";
				PRODUCT_NAME = "$(TARGET_NAME)";
				SWIFT_EMIT_LOC_STRINGS = YES;
				SWIFT_VERSION = 5.0;
				TARGETED_DEVICE_FAMILY = "1,2";
			};
			name = Release;
		};
		7D812BA428FA4EBD001804C3 /* Debug */ = {
			isa = XCBuildConfiguration;
			baseConfigurationReference = AF2F06909A1149397A9AC3AF /* Pods-ParstagramTests.debug.xcconfig */;
			buildSettings = {
				ALWAYS_EMBED_SWIFT_STANDARD_LIBRARIES = YES;
				BUNDLE_LOADER = "$(TEST_HOST)";
				CODE_SIGN_STYLE = Automatic;
				CURRENT_PROJECT_VERSION = 1;
				DEVELOPMENT_TEAM = X75C6NZ52S;
				GENERATE_INFOPLIST_FILE = YES;
				IPHONEOS_DEPLOYMENT_TARGET = 15.5;
				MARKETING_VERSION = 1.0;
				PRODUCT_BUNDLE_IDENTIFIER = "com.esong28-outlook.com.ParstagramTests";
				PRODUCT_NAME = "$(TARGET_NAME)";
				SWIFT_EMIT_LOC_STRINGS = NO;
				SWIFT_VERSION = 5.0;
				TARGETED_DEVICE_FAMILY = "1,2";
				TEST_HOST = "$(BUILT_PRODUCTS_DIR)/Parstagram.app/Parstagram";
			};
			name = Debug;
		};
		7D812BA528FA4EBD001804C3 /* Release */ = {
			isa = XCBuildConfiguration;
			baseConfigurationReference = 532387E65AA9B1889CB006BF /* Pods-ParstagramTests.release.xcconfig */;
			buildSettings = {
				ALWAYS_EMBED_SWIFT_STANDARD_LIBRARIES = YES;
				BUNDLE_LOADER = "$(TEST_HOST)";
				CODE_SIGN_STYLE = Automatic;
				CURRENT_PROJECT_VERSION = 1;
				DEVELOPMENT_TEAM = X75C6NZ52S;
				GENERATE_INFOPLIST_FILE = YES;
				IPHONEOS_DEPLOYMENT_TARGET = 15.5;
				MARKETING_VERSION = 1.0;
				PRODUCT_BUNDLE_IDENTIFIER = "com.esong28-outlook.com.ParstagramTests";
				PRODUCT_NAME = "$(TARGET_NAME)";
				SWIFT_EMIT_LOC_STRINGS = NO;
				SWIFT_VERSION = 5.0;
				TARGETED_DEVICE_FAMILY = "1,2";
				TEST_HOST = "$(BUILT_PRODUCTS_DIR)/Parstagram.app/Parstagram";
			};
			name = Release;
		};
		7D812BA728FA4EBD001804C3 /* Debug */ = {
			isa = XCBuildConfiguration;
			baseConfigurationReference = 42FD6CB29F8AF6CF8E764AA6 /* Pods-Parstagram-ParstagramUITests.debug.xcconfig */;
			buildSettings = {
				ALWAYS_EMBED_SWIFT_STANDARD_LIBRARIES = YES;
				CODE_SIGN_STYLE = Automatic;
				CURRENT_PROJECT_VERSION = 1;
				DEVELOPMENT_TEAM = X75C6NZ52S;
				GENERATE_INFOPLIST_FILE = YES;
				MARKETING_VERSION = 1.0;
				PRODUCT_BUNDLE_IDENTIFIER = "com.esong28-outlook.com.ParstagramUITests";
				PRODUCT_NAME = "$(TARGET_NAME)";
				SWIFT_EMIT_LOC_STRINGS = NO;
				SWIFT_VERSION = 5.0;
				TARGETED_DEVICE_FAMILY = "1,2";
				TEST_TARGET_NAME = Parstagram;
			};
			name = Debug;
		};
		7D812BA828FA4EBD001804C3 /* Release */ = {
			isa = XCBuildConfiguration;
			baseConfigurationReference = EB3B033076E1EA14911DF260 /* Pods-Parstagram-ParstagramUITests.release.xcconfig */;
			buildSettings = {
				ALWAYS_EMBED_SWIFT_STANDARD_LIBRARIES = YES;
				CODE_SIGN_STYLE = Automatic;
				CURRENT_PROJECT_VERSION = 1;
				DEVELOPMENT_TEAM = X75C6NZ52S;
				GENERATE_INFOPLIST_FILE = YES;
				MARKETING_VERSION = 1.0;
				PRODUCT_BUNDLE_IDENTIFIER = "com.esong28-outlook.com.ParstagramUITests";
				PRODUCT_NAME = "$(TARGET_NAME)";
				SWIFT_EMIT_LOC_STRINGS = NO;
				SWIFT_VERSION = 5.0;
				TARGETED_DEVICE_FAMILY = "1,2";
				TEST_TARGET_NAME = Parstagram;
			};
			name = Release;
		};
/* End XCBuildConfiguration section */

/* Begin XCConfigurationList section */
		7D812B7128FA4EBC001804C3 /* Build configuration list for PBXProject "Parstagram" */ = {
			isa = XCConfigurationList;
			buildConfigurations = (
				7D812B9E28FA4EBD001804C3 /* Debug */,
				7D812B9F28FA4EBD001804C3 /* Release */,
			);
			defaultConfigurationIsVisible = 0;
			defaultConfigurationName = Release;
		};
		7D812BA028FA4EBD001804C3 /* Build configuration list for PBXNativeTarget "Parstagram" */ = {
			isa = XCConfigurationList;
			buildConfigurations = (
				7D812BA128FA4EBD001804C3 /* Debug */,
				7D812BA228FA4EBD001804C3 /* Release */,
			);
			defaultConfigurationIsVisible = 0;
			defaultConfigurationName = Release;
		};
		7D812BA328FA4EBD001804C3 /* Build configuration list for PBXNativeTarget "ParstagramTests" */ = {
			isa = XCConfigurationList;
			buildConfigurations = (
				7D812BA428FA4EBD001804C3 /* Debug */,
				7D812BA528FA4EBD001804C3 /* Release */,
			);
			defaultConfigurationIsVisible = 0;
			defaultConfigurationName = Release;
		};
		7D812BA628FA4EBD001804C3 /* Build configuration list for PBXNativeTarget "ParstagramUITests" */ = {
			isa = XCConfigurationList;
			buildConfigurations = (
				7D812BA728FA4EBD001804C3 /* Debug */,
				7D812BA828FA4EBD001804C3 /* Release */,
			);
			defaultConfigurationIsVisible = 0;
			defaultConfigurationName = Release;
		};
/* End XCConfigurationList section */
	};
	rootObject = 7D812B6E28FA4EBC001804C3 /* Project object */;
}
